
Microsoft Visual Studio Solution File, Format Version 12.00
# Visual Studio Version 17
VisualStudioVersion = 17.14.36310.24 d17.14
MinimumVisualStudioVersion = 10.0.40219.1
Project("{FAE04EC0-301F-11D3-BF4B-00C04F79EFBC}") = "POO202202541", "POO202202541\POO202202541.csproj", "{F8BFA0F4-AD81-4096-8096-7F9D40A655DE}"
EndProject
Global
	GlobalSection(SolutionConfigurationPlatforms) = preSolution
		Debug|Any CPU = Debug|Any CPU
		Release|Any CPU = Release|Any CPU
	EndGlobalSection
	GlobalSection(ProjectConfigurationPlatforms) = postSolution
		{F8BFA0F4-AD81-4096-8096-7F9D40A655DE}.Debug|Any CPU.ActiveCfg = Debug|Any CPU
		{F8BFA0F4-AD81-4096-8096-7F9D40A655DE}.Debug|Any CPU.Build.0 = Debug|Any CPU
		{F8BFA0F4-AD81-4096-8096-7F9D40A655DE}.Release|Any CPU.ActiveCfg = Release|Any CPU
		{F8BFA0F4-AD81-4096-8096-7F9D40A655DE}.Release|Any CPU.Build.0 = Release|Any CPU
	EndGlobalSection
	GlobalSection(SolutionProperties) = preSolution
		HideSolutionNode = FALSE
	EndGlobalSection
	GlobalSection(ExtensibilityGlobals) = postSolution
		SolutionGuid = {C8D09628-8095-48B1-AEB9-807CDECDC6C0}
	EndGlobalSection
EndGlobal
